
Microsoft Visual Studio Solution File, Format Version 12.00
# Visual Studio Version 17
VisualStudioVersion = 17.0.31903.59
MinimumVisualStudioVersion = 10.0.40219.1
Project("{FAE04EC0-301F-11D3-BF4B-00C04F79EFBC}") = "Nasan2", "Nasan2\Nasan2.csproj", "{B72BB967-D6EE-4F01-9F0F-4715E02A1B8D}"
EndProject
Global
	GlobalSection(SolutionConfigurationPlatforms) = preSolution
		Debug|Any CPU = Debug|Any CPU
		Release|Any CPU = Release|Any CPU
	EndGlobalSection
	GlobalSection(SolutionProperties) = preSolution
		HideSolutionNode = FALSE
	EndGlobalSection
	GlobalSection(ProjectConfigurationPlatforms) = postSolution
		{B72BB967-D6EE-4F01-9F0F-4715E02A1B8D}.Debug|Any CPU.ActiveCfg = Debug|Any CPU
		{B72BB967-D6EE-4F01-9F0F-4715E02A1B8D}.Debug|Any CPU.Build.0 = Debug|Any CPU
		{B72BB967-D6EE-4F01-9F0F-4715E02A1B8D}.Release|Any CPU.ActiveCfg = Release|Any CPU
		{B72BB967-D6EE-4F01-9F0F-4715E02A1B8D}.Release|Any CPU.Build.0 = Release|Any CPU
	EndGlobalSection
EndGlobal
